// !$*UTF8*$!
{
	archiveVersion = 1;
	classes = {
	};
	objectVersion = 46;
	objects = {

/* Begin PBXBuildFile section */
		FA161D661B138D9C0015F1E0 /* AppDelegate.swift in Sources */ = {isa = PBXBuildFile; fileRef = FA161D651B138D9C0015F1E0 /* AppDelegate.swift */; };
		FA161D681B138D9C0015F1E0 /* ViewController.swift in Sources */ = {isa = PBXBuildFile; fileRef = FA161D671B138D9C0015F1E0 /* ViewController.swift */; };
		FA161D6B1B138D9C0015F1E0 /* Main.storyboard in Resources */ = {isa = PBXBuildFile; fileRef = FA161D691B138D9C0015F1E0 /* Main.storyboard */; };
		FA161D6D1B138D9C0015F1E0 /* Images.xcassets in Resources */ = {isa = PBXBuildFile; fileRef = FA161D6C1B138D9C0015F1E0 /* Images.xcassets */; };
		FA161D701B138D9C0015F1E0 /* LaunchScreen.xib in Resources */ = {isa = PBXBuildFile; fileRef = FA161D6E1B138D9C0015F1E0 /* LaunchScreen.xib */; };
		FA161D7C1B138D9C0015F1E0 /* HomeMediaTests.swift in Sources */ = {isa = PBXBuildFile; fileRef = FA161D7B1B138D9C0015F1E0 /* HomeMediaTests.swift */; };
		FA161D861B13939A0015F1E0 /* VideoObject.swift in Sources */ = {isa = PBXBuildFile; fileRef = FA161D851B13939A0015F1E0 /* VideoObject.swift */; };
/* End PBXBuildFile section */

/* Begin PBXContainerItemProxy section */
		FA161D761B138D9C0015F1E0 /* PBXContainerItemProxy */ = {
			isa = PBXContainerItemProxy;
			containerPortal = FA161D581B138D9C0015F1E0 /* Project object */;
			proxyType = 1;
			remoteGlobalIDString = FA161D5F1B138D9C0015F1E0;
			remoteInfo = HomeMedia;
		};
/* End PBXContainerItemProxy section */

/* Begin PBXFileReference section */
		FA161D601B138D9C0015F1E0 /* HomeMedia.app */ = {isa = PBXFileReference; explicitFileType = wrapper.application; includeInIndex = 0; path = HomeMedia.app; sourceTree = BUILT_PRODUCTS_DIR; };
		FA161D641B138D9C0015F1E0 /* Info.plist */ = {isa = PBXFileReference; lastKnownFileType = text.plist.xml; path = Info.plist; sourceTree = "<group>"; };
		FA161D651B138D9C0015F1E0 /* AppDelegate.swift */ = {isa = PBXFileReference; lastKnownFileType = sourcecode.swift; path = AppDelegate.swift; sourceTree = "<group>"; };
		FA161D671B138D9C0015F1E0 /* ViewController.swift */ = {isa = PBXFileReference; lastKnownFileType = sourcecode.swift; path = ViewController.swift; sourceTree = "<group>"; };
		FA161D6A1B138D9C0015F1E0 /* Base */ = {isa = PBXFileReference; lastKnownFileType = file.storyboard; name = Base; path = Base.lproj/Main.storyboard; sourceTree = "<group>"; };
		FA161D6C1B138D9C0015F1E0 /* Images.xcassets */ = {isa = PBXFileReference; lastKnownFileType = folder.assetcatalog; path = Images.xcassets; sourceTree = "<group>"; };
		FA161D6F1B138D9C0015F1E0 /* Base */ = {isa = PBXFileReference; lastKnownFileType = file.xib; name = Base; path = Base.lproj/LaunchScreen.xib; sourceTree = "<group>"; };
		FA161D751B138D9C0015F1E0 /* HomeMediaTests.xctest */ = {isa = PBXFileReference; explicitFileType = wrapper.cfbundle; includeInIndex = 0; path = HomeMediaTests.xctest; sourceTree = BUILT_PRODUCTS_DIR; };
		FA161D7A1B138D9C0015F1E0 /* Info.plist */ = {isa = PBXFileReference; lastKnownFileType = text.plist.xml; path = Info.plist; sourceTree = "<group>"; };
		FA161D7B1B138D9C0015F1E0 /* HomeMediaTests.swift */ = {isa = PBXFileReference; lastKnownFileType = sourcecode.swift; path = HomeMediaTests.swift; sourceTree = "<group>"; };
		FA161D851B13939A0015F1E0 /* VideoObject.swift */ = {isa = PBXFileReference; fileEncoding = 4; lastKnownFileType = sourcecode.swift; path = VideoObject.swift; sourceTree = "<group>"; };
/* End PBXFileReference section */

/* Begin PBXFrameworksBuildPhase section */
		FA161D5D1B138D9C0015F1E0 /* Frameworks */ = {
			isa = PBXFrameworksBuildPhase;
			buildActionMask = 2147483647;
			files = (
			);
			runOnlyForDeploymentPostprocessing = 0;
		};
		FA161D721B138D9C0015F1E0 /* Frameworks */ = {
			isa = PBXFrameworksBuildPhase;
			buildActionMask = 2147483647;
			files = (
			);
			runOnlyForDeploymentPostprocessing = 0;
		};
/* End PBXFrameworksBuildPhase section */

/* Begin PBXGroup section */
		FA161D571B138D9C0015F1E0 = {
			isa = PBXGroup;
			children = (
				FA161D621B138D9C0015F1E0 /* HomeMedia */,
				FA161D781B138D9C0015F1E0 /* HomeMediaTests */,
				FA161D611B138D9C0015F1E0 /* Products */,
			);
			sourceTree = "<group>";
		};
		FA161D611B138D9C0015F1E0 /* Products */ = {
			isa = PBXGroup;
			children = (
				FA161D601B138D9C0015F1E0 /* HomeMedia.app */,
				FA161D751B138D9C0015F1E0 /* HomeMediaTests.xctest */,
			);
			name = Products;
			sourceTree = "<group>";
		};
		FA161D621B138D9C0015F1E0 /* HomeMedia */ = {
			isa = PBXGroup;
			children = (
				FA161D651B138D9C0015F1E0 /* AppDelegate.swift */,
				FA161D671B138D9C0015F1E0 /* ViewController.swift */,
				FA161D691B138D9C0015F1E0 /* Main.storyboard */,
				FA161D6C1B138D9C0015F1E0 /* Images.xcassets */,
				FA161D6E1B138D9C0015F1E0 /* LaunchScreen.xib */,
				FA161D631B138D9C0015F1E0 /* Supporting Files */,
				FA161D851B13939A0015F1E0 /* VideoObject.swift */,
			);
			path = HomeMedia;
			sourceTree = "<group>";
		};
		FA161D631B138D9C0015F1E0 /* Supporting Files */ = {
			isa = PBXGroup;
			children = (
				FA161D641B138D9C0015F1E0 /* Info.plist */,
			);
			name = "Supporting Files";
			sourceTree = "<group>";
		};
		FA161D781B138D9C0015F1E0 /* HomeMediaTests */ = {
			isa = PBXGroup;
			children = (
				FA161D7B1B138D9C0015F1E0 /* HomeMediaTests.swift */,
				FA161D791B138D9C0015F1E0 /* Supporting Files */,
			);
			path = HomeMediaTests;
			sourceTree = "<group>";
		};
		FA161D791B138D9C0015F1E0 /* Supporting Files */ = {
			isa = PBXGroup;
			children = (
				FA161D7A1B138D9C0015F1E0 /* Info.plist */,
			);
			name = "Supporting Files";
			sourceTree = "<group>";
		};
/* End PBXGroup section */

/* Begin PBXNativeTarget section */
		FA161D5F1B138D9C0015F1E0 /* HomeMedia */ = {
			isa = PBXNativeTarget;
			buildConfigurationList = FA161D7F1B138D9C0015F1E0 /* Build configuration list for PBXNativeTarget "HomeMedia" */;
			buildPhases = (
				FA161D5C1B138D9C0015F1E0 /* Sources */,
				FA161D5D1B138D9C0015F1E0 /* Frameworks */,
				FA161D5E1B138D9C0015F1E0 /* Resources */,
			);
			buildRules = (
			);
			dependencies = (
			);
			name = HomeMedia;
			productName = HomeMedia;
			productReference = FA161D601B138D9C0015F1E0 /* HomeMedia.app */;
			productType = "com.apple.product-type.application";
		};
		FA161D741B138D9C0015F1E0 /* HomeMediaTests */ = {
			isa = PBXNativeTarget;
			buildConfigurationList = FA161D821B138D9C0015F1E0 /* Build configuration list for PBXNativeTarget "HomeMediaTests" */;
			buildPhases = (
				FA161D711B138D9C0015F1E0 /* Sources */,
				FA161D721B138D9C0015F1E0 /* Frameworks */,
				FA161D731B138D9C0015F1E0 /* Resources */,
			);
			buildRules = (
			);
			dependencies = (
				FA161D771B138D9C0015F1E0 /* PBXTargetDependency */,
			);
			name = HomeMediaTests;
			productName = HomeMediaTests;
			productReference = FA161D751B138D9C0015F1E0 /* HomeMediaTests.xctest */;
			productType = "com.apple.product-type.bundle.unit-test";
		};
/* End PBXNativeTarget section */

/* Begin PBXProject section */
		FA161D581B138D9C0015F1E0 /* Project object */ = {
			isa = PBXProject;
			attributes = {
				LastUpgradeCheck = 0630;
				ORGANIZATIONNAME = Alex;
				TargetAttributes = {
					FA161D5F1B138D9C0015F1E0 = {
						CreatedOnToolsVersion = 6.3.1;
					};
					FA161D741B138D9C0015F1E0 = {
						CreatedOnToolsVersion = 6.3.1;
						TestTargetID = FA161D5F1B138D9C0015F1E0;
					};
				};
			};
			buildConfigurationList = FA161D5B1B138D9C0015F1E0 /* Build configuration list for PBXProject "HomeMedia" */;
			compatibilityVersion = "Xcode 3.2";
			developmentRegion = English;
			hasScannedForEncodings = 0;
			knownRegions = (
				en,
				Base,
			);
			mainGroup = FA161D571B138D9C0015F1E0;
			productRefGroup = FA161D611B138D9C0015F1E0 /* Products */;
			projectDirPath = "";
			projectRoot = "";
			targets = (
				FA161D5F1B138D9C0015F1E0 /* HomeMedia */,
				FA161D741B138D9C0015F1E0 /* HomeMediaTests */,
			);
		};
/* End PBXProject section */

/* Begin PBXResourcesBuildPhase section */
		FA161D5E1B138D9C0015F1E0 /* Resources */ = {
			isa = PBXResourcesBuildPhase;
			buildActionMask = 2147483647;
			files = (
				FA161D6B1B138D9C0015F1E0 /* Main.storyboard in Resources */,
				FA161D701B138D9C0015F1E0 /* LaunchScreen.xib in Resources */,
				FA161D6D1B138D9C0015F1E0 /* Images.xcassets in Resources */,
			);
			runOnlyForDeploymentPostprocessing = 0;
		};
		FA161D731B138D9C0015F1E0 /* Resources */ = {
			isa = PBXResourcesBuildPhase;
			buildActionMask = 2147483647;
			files = (
			);
			runOnlyForDeploymentPostprocessing = 0;
		};
/* End PBXResourcesBuildPhase section */

/* Begin PBXSourcesBuildPhase section */
		FA161D5C1B138D9C0015F1E0 /* Sources */ = {
			isa = PBXSourcesBuildPhase;
			buildActionMask = 2147483647;
			files = (
				FA161D681B138D9C0015F1E0 /* ViewController.swift in Sources */,
				FA161D861B13939A0015F1E0 /* VideoObject.swift in Sources */,
				FA161D661B138D9C0015F1E0 /* AppDelegate.swift in Sources */,
			);
			runOnlyForDeploymentPostprocessing = 0;
		};
		FA161D711B138D9C0015F1E0 /* Sources */ = {
			isa = PBXSourcesBuildPhase;
			buildActionMask = 2147483647;
			files = (
				FA161D7C1B138D9C0015F1E0 /* HomeMediaTests.swift in Sources */,
			);
			runOnlyForDeploymentPostprocessing = 0;
		};
/* End PBXSourcesBuildPhase section */

/* Begin PBXTargetDependency section */
		FA161D771B138D9C0015F1E0 /* PBXTargetDependency */ = {
			isa = PBXTargetDependency;
			target = FA161D5F1B138D9C0015F1E0 /* HomeMedia */;
			targetProxy = FA161D761B138D9C0015F1E0 /* PBXContainerItemProxy */;
		};
/* End PBXTargetDependency section */

/* Begin PBXVariantGroup section */
		FA161D691B138D9C0015F1E0 /* Main.storyboard */ = {
			isa = PBXVariantGroup;
			children = (
				FA161D6A1B138D9C0015F1E0 /* Base */,
			);
			name = Main.storyboard;
			sourceTree = "<group>";
		};
		FA161D6E1B138D9C0015F1E0 /* LaunchScreen.xib */ = {
			isa = PBXVariantGroup;
			children = (
				FA161D6F1B138D9C0015F1E0 /* Base */,
			);
			name = LaunchScreen.xib;
			sourceTree = "<group>";
		};
/* End PBXVariantGroup section */

/* Begin XCBuildConfiguration section */
		FA161D7D1B138D9C0015F1E0 /* Debug */ = {
			isa = XCBuildConfiguration;
			buildSettings = {
				ALWAYS_SEARCH_USER_PATHS = NO;
				CLANG_CXX_LANGUAGE_STANDARD = "gnu++0x";
				CLANG_CXX_LIBRARY = "libc++";
				CLANG_ENABLE_MODULES = YES;
				CLANG_ENABLE_OBJC_ARC = YES;
				CLANG_WARN_BOOL_CONVERSION = YES;
				CLANG_WARN_CONSTANT_CONVERSION = YES;
				CLANG_WARN_DIRECT_OBJC_ISA_USAGE = YES_ERROR;
				CLANG_WARN_EMPTY_BODY = YES;
				CLANG_WARN_ENUM_CONVERSION = YES;
				CLANG_WARN_INT_CONVERSION = YES;
				CLANG_WARN_OBJC_ROOT_CLASS = YES_ERROR;
				CLANG_WARN_UNREACHABLE_CODE = YES;
				CLANG_WARN__DUPLICATE_METHOD_MATCH = YES;
				"CODE_SIGN_IDENTITY[sdk=iphoneos*]" = "iPhone Developer";
				COPY_PHASE_STRIP = NO;
				DEBUG_INFORMATION_FORMAT = "dwarf-with-dsym";
				ENABLE_STRICT_OBJC_MSGSEND = YES;
				GCC_C_LANGUAGE_STANDARD = gnu99;
				GCC_DYNAMIC_NO_PIC = NO;
				GCC_NO_COMMON_BLOCKS = YES;
				GCC_OPTIMIZATION_LEVEL = 0;
				GCC_PREPROCESSOR_DEFINITIONS = (
					"DEBUG=1",
					"$(inherited)",
				);
				GCC_SYMBOLS_PRIVATE_EXTERN = NO;
				GCC_WARN_64_TO_32_BIT_CONVERSION = YES;
				GCC_WARN_ABOUT_RETURN_TYPE = YES_ERROR;
				GCC_WARN_UNDECLARED_SELECTOR = YES;
				GCC_WARN_UNINITIALIZED_AUTOS = YES_AGGRESSIVE;
				GCC_WARN_UNUSED_FUNCTION = YES;
				GCC_WARN_UNUSED_VARIABLE = YES;
				IPHONEOS_DEPLOYMENT_TARGET = 8.3;
				MTL_ENABLE_DEBUG_INFO = YES;
				ONLY_ACTIVE_ARCH = YES;
				SDKROOT = iphoneos;
				SWIFT_OPTIMIZATION_LEVEL = "-Onone";
				TARGETED_DEVICE_FAMILY = "1,2";
			};
			name = Debug;
		};
		FA161D7E1B138D9C0015F1E0 /* Release */ = {
			isa = XCBuildConfiguration;
			buildSettings = {
				ALWAYS_SEARCH_USER_PATHS = NO;
				CLANG_CXX_LANGUAGE_STANDARD = "gnu++0x";
				CLANG_CXX_LIBRARY = "libc++";
				CLANG_ENABLE_MODULES = YES;
				CLANG_ENABLE_OBJC_ARC = YES;
				CLANG_WARN_BOOL_CONVERSION = YES;
				CLANG_WARN_CONSTANT_CONVERSION = YES;
				CLANG_WARN_DIRECT_OBJC_ISA_USAGE = YES_ERROR;
				CLANG_WARN_EMPTY_BODY = YES;
				CLANG_WARN_ENUM_CONVERSION = YES;
				CLANG_WARN_INT_CONVERSION = YES;
				CLANG_WARN_OBJC_ROOT_CLASS = YES_ERROR;
				CLANG_WARN_UNREACHABLE_CODE = YES;
				CLANG_WARN__DUPLICATE_METHOD_MATCH = YES;
				"CODE_SIGN_IDENTITY[sdk=iphoneos*]" = "iPhone Developer";
				COPY_PHASE_STRIP = NO;
				DEBUG_INFORMATION_FORMAT = "dwarf-with-dsym";
				ENABLE_NS_ASSERTIONS = NO;
				ENABLE_STRICT_OBJC_MSGSEND = YES;
				GCC_C_LANGUAGE_STANDARD = gnu99;
				GCC_NO_COMMON_BLOCKS = YES;
				GCC_WARN_64_TO_32_BIT_CONVERSION = YES;
				GCC_WARN_ABOUT_RETURN_TYPE = YES_ERROR;
				GCC_WARN_UNDECLARED_SELECTOR = YES;
				GCC_WARN_UNINITIALIZED_AUTOS = YES_AGGRESSIVE;
				GCC_WARN_UNUSED_FUNCTION = YES;
				GCC_WARN_UNUSED_VARIABLE = YES;
				IPHONEOS_DEPLOYMENT_TARGET = 8.3;
				MTL_ENABLE_DEBUG_INFO = NO;
				SDKROOT = iphoneos;
				TARGETED_DEVICE_FAMILY = "1,2";
				VALIDATE_PRODUCT = YES;
			};
			name = Release;
		};
		FA161D801B138D9C0015F1E0 /* Debug */ = {
			isa = XCBuildConfiguration;
			buildSettings = {
				ASSETCATALOG_COMPILER_APPICON_NAME = AppIcon;
				INFOPLIST_FILE = HomeMedia/Info.plist;
				LD_RUNPATH_SEARCH_PATHS = "$(inherited) @executable_path/Frameworks";
				PRODUCT_NAME = "$(TARGET_NAME)";
			};
			name = Debug;
		};
		FA161D811B138D9C0015F1E0 /* Release */ = {
			isa = XCBuildConfiguration;
			buildSettings = {
				ASSETCATALOG_COMPILER_APPICON_NAME = AppIcon;
				INFOPLIST_FILE = HomeMedia/Info.plist;
				LD_RUNPATH_SEARCH_PATHS = "$(inherited) @executable_path/Frameworks";
				PRODUCT_NAME = "$(TARGET_NAME)";
			};
			name = Release;
		};
		FA161D831B138D9C0015F1E0 /* Debug */ = {
			isa = XCBuildConfiguration;
			buildSettings = {
				BUNDLE_LOADER = "$(TEST_HOST)";
				FRAMEWORK_SEARCH_PATHS = (
					"$(SDKROOT)/Developer/Library/Frameworks",
					"$(inherited)",
				);
				GCC_PREPROCESSOR_DEFINITIONS = (
					"DEBUG=1",
					"$(inherited)",
				);
				INFOPLIST_FILE = HomeMediaTests/Info.plist;
				LD_RUNPATH_SEARCH_PATHS = "$(inherited) @executable_path/Frameworks @loader_path/Frameworks";
				PRODUCT_NAME = "$(TARGET_NAME)";
				TEST_HOST = "$(BUILT_PRODUCTS_DIR)/HomeMedia.app/HomeMedia";
			};
			name = Debug;
		};
		FA161D841B138D9C0015F1E0 /* Release */ = {
			isa = XCBuildConfiguration;
			buildSettings = {
				BUNDLE_LOADER = "$(TEST_HOST)";
				FRAMEWORK_SEARCH_PATHS = (
					"$(SDKROOT)/Developer/Library/Frameworks",
					"$(inherited)",
				);
				INFOPLIST_FILE = HomeMediaTests/Info.plist;
				LD_RUNPATH_SEARCH_PATHS = "$(inherited) @executable_path/Frameworks @loader_path/Frameworks";
				PRODUCT_NAME = "$(TARGET_NAME)";
				TEST_HOST = "$(BUILT_PRODUCTS_DIR)/HomeMedia.app/HomeMedia";
			};
			name = Release;
		};
/* End XCBuildConfiguration section */

/* Begin XCConfigurationList section */
		FA161D5B1B138D9C0015F1E0 /* Build configuration list for PBXProject "HomeMedia" */ = {
			isa = XCConfigurationList;
			buildConfigurations = (
				FA161D7D1B138D9C0015F1E0 /* Debug */,
				FA161D7E1B138D9C0015F1E0 /* Release */,
			);
			defaultConfigurationIsVisible = 0;
			defaultConfigurationName = Release;
		};
		FA161D7F1B138D9C0015F1E0 /* Build configuration list for PBXNativeTarget "HomeMedia" */ = {
			isa = XCConfigurationList;
			buildConfigurations = (
				FA161D801B138D9C0015F1E0 /* Debug */,
				FA161D811B138D9C0015F1E0 /* Release */,
			);
			defaultConfigurationIsVisible = 0;
		};
		FA161D821B138D9C0015F1E0 /* Build configuration list for PBXNativeTarget "HomeMediaTests" */ = {
			isa = XCConfigurationList;
			buildConfigurations = (
				FA161D831B138D9C0015F1E0 /* Debug */,
				FA161D841B138D9C0015F1E0 /* Release */,
			);
			defaultConfigurationIsVisible = 0;
		};
/* End XCConfigurationList section */
	};
	rootObject = FA161D581B138D9C0015F1E0 /* Project object */;
}
